
Microsoft Visual Studio Solution File, Format Version 12.00
# Visual Studio 15
VisualStudioVersion = 15.0.27004.2010
MinimumVisualStudioVersion = 10.0.40219.1
Project("{888888A0-9F3D-457C-B088-3A5042F75D52}") = "DjangoAzure", "DjangoAzure\DjangoAzure.pyproj", "{C3E0F79F-9DE9-4C52-ABAD-23AE9B8489F1}"
EndProject
Global
	GlobalSection(SolutionConfigurationPlatforms) = preSolution
		Debug|Any CPU = Debug|Any CPU
		Release|Any CPU = Release|Any CPU
	EndGlobalSection
	GlobalSection(ProjectConfigurationPlatforms) = postSolution
		{C3E0F79F-9DE9-4C52-ABAD-23AE9B8489F1}.Debug|Any CPU.ActiveCfg = Debug|Any CPU
		{C3E0F79F-9DE9-4C52-ABAD-23AE9B8489F1}.Debug|Any CPU.Build.0 = Debug|Any CPU
		{C3E0F79F-9DE9-4C52-ABAD-23AE9B8489F1}.Release|Any CPU.ActiveCfg = Release|Any CPU
		{C3E0F79F-9DE9-4C52-ABAD-23AE9B8489F1}.Release|Any CPU.Build.0 = Release|Any CPU
	EndGlobalSection
	GlobalSection(SolutionProperties) = preSolution
		HideSolutionNode = FALSE
	EndGlobalSection
	GlobalSection(ExtensibilityGlobals) = postSolution
		SolutionGuid = {6572594A-CAD7-4635-91A6-7A8C9E9D3FB6}
	EndGlobalSection
EndGlobal
